{
  "name": "demo",
  "version": "1.0.0",
  "lockfileVersion": 2,
  "requires": true,
  "packages": {
    "": {
      "name": "demo",
      "version": "1.0.0",
      "license": "ISC"
    },
    "../myc": {
      "version": "1.0.0",
      "extraneous": true,
      "license": "ISC",
      "bin": {
        "myc": "bin/index.js"
      },
      "devDependencies": {
        "minimist": "^1.2.6",
        "webpack": "^5.74.0"
      }
    }
  }
}
